// !$*UTF8*$!
{
	archiveVersion = 1;
	classes = {
	};
	objectVersion = 50;
	objects = {

/* Begin PBXBuildFile section */
		5B8AE7C62403FD9800FCE958 /* AppDelegate.swift in Sources */ = {isa = PBXBuildFile; fileRef = 5B8AE7C52403FD9800FCE958 /* AppDelegate.swift */; };
		5B8AE7C82403FD9800FCE958 /* ContentView.swift in Sources */ = {isa = PBXBuildFile; fileRef = 5B8AE7C72403FD9800FCE958 /* ContentView.swift */; };
		5B8AE7CA2403FD9A00FCE958 /* Assets.xcassets in Resources */ = {isa = PBXBuildFile; fileRef = 5B8AE7C92403FD9A00FCE958 /* Assets.xcassets */; };
		5B8AE7CD2403FD9A00FCE958 /* Preview Assets.xcassets in Resources */ = {isa = PBXBuildFile; fileRef = 5B8AE7CC2403FD9A00FCE958 /* Preview Assets.xcassets */; };
		5B8AE7D02403FD9A00FCE958 /* Main.storyboard in Resources */ = {isa = PBXBuildFile; fileRef = 5B8AE7CE2403FD9A00FCE958 /* Main.storyboard */; };
/* End PBXBuildFile section */

/* Begin PBXFileReference section */
		5B8AE7C22403FD9800FCE958 /* CodePitch.app */ = {isa = PBXFileReference; explicitFileType = wrapper.application; includeInIndex = 0; path = CodePitch.app; sourceTree = BUILT_PRODUCTS_DIR; };
		5B8AE7C52403FD9800FCE958 /* AppDelegate.swift */ = {isa = PBXFileReference; lastKnownFileType = sourcecode.swift; path = AppDelegate.swift; sourceTree = "<group>"; };
		5B8AE7C72403FD9800FCE958 /* ContentView.swift */ = {isa = PBXFileReference; lastKnownFileType = sourcecode.swift; path = ContentView.swift; sourceTree = "<group>"; };
		5B8AE7C92403FD9A00FCE958 /* Assets.xcassets */ = {isa = PBXFileReference; lastKnownFileType = folder.assetcatalog; path = Assets.xcassets; sourceTree = "<group>"; };
		5B8AE7CC2403FD9A00FCE958 /* Preview Assets.xcassets */ = {isa = PBXFileReference; lastKnownFileType = folder.assetcatalog; path = "Preview Assets.xcassets"; sourceTree = "<group>"; };
		5B8AE7CF2403FD9A00FCE958 /* Base */ = {isa = PBXFileReference; lastKnownFileType = file.storyboard; name = Base; path = Base.lproj/Main.storyboard; sourceTree = "<group>"; };
		5B8AE7D12403FD9A00FCE958 /* Info.plist */ = {isa = PBXFileReference; lastKnownFileType = text.plist.xml; path = Info.plist; sourceTree = "<group>"; };
		5B8AE7D22403FD9A00FCE958 /* CodePitch.entitlements */ = {isa = PBXFileReference; lastKnownFileType = text.plist.entitlements; path = CodePitch.entitlements; sourceTree = "<group>"; };
/* End PBXFileReference section */

/* Begin PBXFrameworksBuildPhase section */
		5B8AE7BF2403FD9800FCE958 /* Frameworks */ = {
			isa = PBXFrameworksBuildPhase;
			buildActionMask = 2147483647;
			files = (
			);
			runOnlyForDeploymentPostprocessing = 0;
		};
/* End PBXFrameworksBuildPhase section */

/* Begin PBXGroup section */
		5B8AE7B92403FD9800FCE958 = {
			isa = PBXGroup;
			children = (
				5B8AE7C42403FD9800FCE958 /* CodePitch */,
				5B8AE7C32403FD9800FCE958 /* Products */,
			);
			sourceTree = "<group>";
		};
		5B8AE7C32403FD9800FCE958 /* Products */ = {
			isa = PBXGroup;
			children = (
				5B8AE7C22403FD9800FCE958 /* CodePitch.app */,
			);
			name = Products;
			sourceTree = "<group>";
		};
		5B8AE7C42403FD9800FCE958 /* CodePitch */ = {
			isa = PBXGroup;
			children = (
				5B8AE7C52403FD9800FCE958 /* AppDelegate.swift */,
				5B8AE7C72403FD9800FCE958 /* ContentView.swift */,
				5B8AE7C92403FD9A00FCE958 /* Assets.xcassets */,
				5B8AE7CE2403FD9A00FCE958 /* Main.storyboard */,
				5B8AE7D12403FD9A00FCE958 /* Info.plist */,
				5B8AE7D22403FD9A00FCE958 /* CodePitch.entitlements */,
				5B8AE7CB2403FD9A00FCE958 /* Preview Content */,
			);
			path = CodePitch;
			sourceTree = "<group>";
		};
		5B8AE7CB2403FD9A00FCE958 /* Preview Content */ = {
			isa = PBXGroup;
			children = (
				5B8AE7CC2403FD9A00FCE958 /* Preview Assets.xcassets */,
			);
			path = "Preview Content";
			sourceTree = "<group>";
		};
/* End PBXGroup section */

/* Begin PBXNativeTarget section */
		5B8AE7C12403FD9800FCE958 /* CodePitch */ = {
			isa = PBXNativeTarget;
			buildConfigurationList = 5B8AE7D52403FD9A00FCE958 /* Build configuration list for PBXNativeTarget "CodePitch" */;
			buildPhases = (
				5B8AE7BE2403FD9800FCE958 /* Sources */,
				5B8AE7BF2403FD9800FCE958 /* Frameworks */,
				5B8AE7C02403FD9800FCE958 /* Resources */,
			);
			buildRules = (
			);
			dependencies = (
			);
			name = CodePitch;
			productName = CodePitch;
			productReference = 5B8AE7C22403FD9800FCE958 /* CodePitch.app */;
			productType = "com.apple.product-type.application";
		};
/* End PBXNativeTarget section */

/* Begin PBXProject section */
		5B8AE7BA2403FD9800FCE958 /* Project object */ = {
			isa = PBXProject;
			attributes = {
				LastSwiftUpdateCheck = 1130;
				LastUpgradeCheck = 1130;
				ORGANIZATIONNAME = "Anders Hovmöller";
				TargetAttributes = {
					5B8AE7C12403FD9800FCE958 = {
						CreatedOnToolsVersion = 11.3.1;
					};
				};
			};
			buildConfigurationList = 5B8AE7BD2403FD9800FCE958 /* Build configuration list for PBXProject "CodePitch" */;
			compatibilityVersion = "Xcode 9.3";
			developmentRegion = en;
			hasScannedForEncodings = 0;
			knownRegions = (
				en,
				Base,
			);
			mainGroup = 5B8AE7B92403FD9800FCE958;
			productRefGroup = 5B8AE7C32403FD9800FCE958 /* Products */;
			projectDirPath = "";
			projectRoot = "";
			targets = (
				5B8AE7C12403FD9800FCE958 /* CodePitch */,
			);
		};
/* End PBXProject section */

/* Begin PBXResourcesBuildPhase section */
		5B8AE7C02403FD9800FCE958 /* Resources */ = {
			isa = PBXResourcesBuildPhase;
			buildActionMask = 2147483647;
			files = (
				5B8AE7D02403FD9A00FCE958 /* Main.storyboard in Resources */,
				5B8AE7CD2403FD9A00FCE958 /* Preview Assets.xcassets in Resources */,
				5B8AE7CA2403FD9A00FCE958 /* Assets.xcassets in Resources */,
			);
			runOnlyForDeploymentPostprocessing = 0;
		};
/* End PBXResourcesBuildPhase section */

/* Begin PBXSourcesBuildPhase section */
		5B8AE7BE2403FD9800FCE958 /* Sources */ = {
			isa = PBXSourcesBuildPhase;
			buildActionMask = 2147483647;
			files = (
				5B8AE7C82403FD9800FCE958 /* ContentView.swift in Sources */,
				5B8AE7C62403FD9800FCE958 /* AppDelegate.swift in Sources */,
			);
			runOnlyForDeploymentPostprocessing = 0;
		};
/* End PBXSourcesBuildPhase section */

/* Begin PBXVariantGroup section */
		5B8AE7CE2403FD9A00FCE958 /* Main.storyboard */ = {
			isa = PBXVariantGroup;
			children = (
				5B8AE7CF2403FD9A00FCE958 /* Base */,
			);
			name = Main.storyboard;
			sourceTree = "<group>";
		};
/* End PBXVariantGroup section */

/* Begin XCBuildConfiguration section */
		5B8AE7D32403FD9A00FCE958 /* Debug */ = {
			isa = XCBuildConfiguration;
			buildSettings = {
				ALWAYS_SEARCH_USER_PATHS = NO;
				CLANG_ANALYZER_NONNULL = YES;
				CLANG_ANALYZER_NUMBER_OBJECT_CONVERSION = YES_AGGRESSIVE;
				CLANG_CXX_LANGUAGE_STANDARD = "gnu++14";
				CLANG_CXX_LIBRARY = "libc++";
				CLANG_ENABLE_MODULES = YES;
				CLANG_ENABLE_OBJC_ARC = YES;
				CLANG_ENABLE_OBJC_WEAK = YES;
				CLANG_WARN_BLOCK_CAPTURE_AUTORELEASING = YES;
				CLANG_WARN_BOOL_CONVERSION = YES;
				CLANG_WARN_COMMA = YES;
				CLANG_WARN_CONSTANT_CONVERSION = YES;
				CLANG_WARN_DEPRECATED_OBJC_IMPLEMENTATIONS = YES;
				CLANG_WARN_DIRECT_OBJC_ISA_USAGE = YES_ERROR;
				CLANG_WARN_DOCUMENTATION_COMMENTS = YES;
				CLANG_WARN_EMPTY_BODY = YES;
				CLANG_WARN_ENUM_CONVERSION = YES;
				CLANG_WARN_INFINITE_RECURSION = YES;
				CLANG_WARN_INT_CONVERSION = YES;
				CLANG_WARN_NON_LITERAL_NULL_CONVERSION = YES;
				CLANG_WARN_OBJC_IMPLICIT_RETAIN_SELF = YES;
				CLANG_WARN_OBJC_LITERAL_CONVERSION = YES;
				CLANG_WARN_OBJC_ROOT_CLASS = YES_ERROR;
				CLANG_WARN_RANGE_LOOP_ANALYSIS = YES;
				CLANG_WARN_STRICT_PROTOTYPES = YES;
				CLANG_WARN_SUSPICIOUS_MOVE = YES;
				CLANG_WARN_UNGUARDED_AVAILABILITY = YES_AGGRESSIVE;
				CLANG_WARN_UNREACHABLE_CODE = YES;
				CLANG_WARN__DUPLICATE_METHOD_MATCH = YES;
				COPY_PHASE_STRIP = NO;
				DEBUG_INFORMATION_FORMAT = dwarf;
				ENABLE_STRICT_OBJC_MSGSEND = YES;
				ENABLE_TESTABILITY = YES;
				GCC_C_LANGUAGE_STANDARD = gnu11;
				GCC_DYNAMIC_NO_PIC = NO;
				GCC_NO_COMMON_BLOCKS = YES;
				GCC_OPTIMIZATION_LEVEL = 0;
				GCC_PREPROCESSOR_DEFINITIONS = (
					"DEBUG=1",
					"$(inherited)",
				);
				GCC_WARN_64_TO_32_BIT_CONVERSION = YES;
				GCC_WARN_ABOUT_RETURN_TYPE = YES_ERROR;
				GCC_WARN_UNDECLARED_SELECTOR = YES;
				GCC_WARN_UNINITIALIZED_AUTOS = YES_AGGRESSIVE;
				GCC_WARN_UNUSED_FUNCTION = YES;
				GCC_WARN_UNUSED_VARIABLE = YES;
				MACOSX_DEPLOYMENT_TARGET = 10.14;
				MTL_ENABLE_DEBUG_INFO = INCLUDE_SOURCE;
				MTL_FAST_MATH = YES;
				ONLY_ACTIVE_ARCH = YES;
				SDKROOT = macosx;
				SWIFT_ACTIVE_COMPILATION_CONDITIONS = DEBUG;
				SWIFT_OPTIMIZATION_LEVEL = "-Onone";
			};
			name = Debug;
		};
		5B8AE7D42403FD9A00FCE958 /* Release */ = {
			isa = XCBuildConfiguration;
			buildSettings = {
				ALWAYS_SEARCH_USER_PATHS = NO;
				CLANG_ANALYZER_NONNULL = YES;
				CLANG_ANALYZER_NUMBER_OBJECT_CONVERSION = YES_AGGRESSIVE;
				CLANG_CXX_LANGUAGE_STANDARD = "gnu++14";
				CLANG_CXX_LIBRARY = "libc++";
				CLANG_ENABLE_MODULES = YES;
				CLANG_ENABLE_OBJC_ARC = YES;
				CLANG_ENABLE_OBJC_WEAK = YES;
				CLANG_WARN_BLOCK_CAPTURE_AUTORELEASING = YES;
				CLANG_WARN_BOOL_CONVERSION = YES;
				CLANG_WARN_COMMA = YES;
				CLANG_WARN_CONSTANT_CONVERSION = YES;
				CLANG_WARN_DEPRECATED_OBJC_IMPLEMENTATIONS = YES;
				CLANG_WARN_DIRECT_OBJC_ISA_USAGE = YES_ERROR;
				CLANG_WARN_DOCUMENTATION_COMMENTS = YES;
				CLANG_WARN_EMPTY_BODY = YES;
				CLANG_WARN_ENUM_CONVERSION = YES;
				CLANG_WARN_INFINITE_RECURSION = YES;
				CLANG_WARN_INT_CONVERSION = YES;
				CLANG_WARN_NON_LITERAL_NULL_CONVERSION = YES;
				CLANG_WARN_OBJC_IMPLICIT_RETAIN_SELF = YES;
				CLANG_WARN_OBJC_LITERAL_CONVERSION = YES;
				CLANG_WARN_OBJC_ROOT_CLASS = YES_ERROR;
				CLANG_WARN_RANGE_LOOP_ANALYSIS = YES;
				CLANG_WARN_STRICT_PROTOTYPES = YES;
				CLANG_WARN_SUSPICIOUS_MOVE = YES;
				CLANG_WARN_UNGUARDED_AVAILABILITY = YES_AGGRESSIVE;
				CLANG_WARN_UNREACHABLE_CODE = YES;
				CLANG_WARN__DUPLICATE_METHOD_MATCH = YES;
				COPY_PHASE_STRIP = NO;
				DEBUG_INFORMATION_FORMAT = "dwarf-with-dsym";
				ENABLE_NS_ASSERTIONS = NO;
				ENABLE_STRICT_OBJC_MSGSEND = YES;
				GCC_C_LANGUAGE_STANDARD = gnu11;
				GCC_NO_COMMON_BLOCKS = YES;
				GCC_WARN_64_TO_32_BIT_CONVERSION = YES;
				GCC_WARN_ABOUT_RETURN_TYPE = YES_ERROR;
				GCC_WARN_UNDECLARED_SELECTOR = YES;
				GCC_WARN_UNINITIALIZED_AUTOS = YES_AGGRESSIVE;
				GCC_WARN_UNUSED_FUNCTION = YES;
				GCC_WARN_UNUSED_VARIABLE = YES;
				MACOSX_DEPLOYMENT_TARGET = 10.14;
				MTL_ENABLE_DEBUG_INFO = NO;
				MTL_FAST_MATH = YES;
				SDKROOT = macosx;
				SWIFT_COMPILATION_MODE = wholemodule;
				SWIFT_OPTIMIZATION_LEVEL = "-O";
			};
			name = Release;
		};
		5B8AE7D62403FD9A00FCE958 /* Debug */ = {
			isa = XCBuildConfiguration;
			buildSettings = {
				ASSETCATALOG_COMPILER_APPICON_NAME = AppIcon;
				CODE_SIGN_ENTITLEMENTS = CodePitch/CodePitch.entitlements;
				CODE_SIGN_STYLE = Automatic;
				COMBINE_HIDPI_IMAGES = YES;
				DEVELOPMENT_ASSET_PATHS = "\"CodePitch/Preview Content\"";
				ENABLE_PREVIEWS = YES;
				INFOPLIST_FILE = CodePitch/Info.plist;
				LD_RUNPATH_SEARCH_PATHS = (
					"$(inherited)",
					"@executable_path/../Frameworks",
				);
				MACOSX_DEPLOYMENT_TARGET = 10.15;
				PRODUCT_BUNDLE_IDENTIFIER = net.kodare.CodePitch;
				PRODUCT_NAME = "$(TARGET_NAME)";
				SWIFT_VERSION = 5.0;
			};
			name = Debug;
		};
		5B8AE7D72403FD9A00FCE958 /* Release */ = {
			isa = XCBuildConfiguration;
			buildSettings = {
				ASSETCATALOG_COMPILER_APPICON_NAME = AppIcon;
				CODE_SIGN_ENTITLEMENTS = CodePitch/CodePitch.entitlements;
				CODE_SIGN_STYLE = Automatic;
				COMBINE_HIDPI_IMAGES = YES;
				DEVELOPMENT_ASSET_PATHS = "\"CodePitch/Preview Content\"";
				ENABLE_PREVIEWS = YES;
				INFOPLIST_FILE = CodePitch/Info.plist;
				LD_RUNPATH_SEARCH_PATHS = (
					"$(inherited)",
					"@executable_path/../Frameworks",
				);
				MACOSX_DEPLOYMENT_TARGET = 10.15;
				PRODUCT_BUNDLE_IDENTIFIER = net.kodare.CodePitch;
				PRODUCT_NAME = "$(TARGET_NAME)";
				SWIFT_VERSION = 5.0;
			};
			name = Release;
		};
/* End XCBuildConfiguration section */

/* Begin XCConfigurationList section */
		5B8AE7BD2403FD9800FCE958 /* Build configuration list for PBXProject "CodePitch" */ = {
			isa = XCConfigurationList;
			buildConfigurations = (
				5B8AE7D32403FD9A00FCE958 /* Debug */,
				5B8AE7D42403FD9A00FCE958 /* Release */,
			);
			defaultConfigurationIsVisible = 0;
			defaultConfigurationName = Release;
		};
		5B8AE7D52403FD9A00FCE958 /* Build configuration list for PBXNativeTarget "CodePitch" */ = {
			isa = XCConfigurationList;
			buildConfigurations = (
				5B8AE7D62403FD9A00FCE958 /* Debug */,
				5B8AE7D72403FD9A00FCE958 /* Release */,
			);
			defaultConfigurationIsVisible = 0;
			defaultConfigurationName = Release;
		};
/* End XCConfigurationList section */
	};
	rootObject = 5B8AE7BA2403FD9800FCE958 /* Project object */;
}
